
Microsoft Visual Studio Solution File, Format Version 12.00
# Visual Studio Version 17
VisualStudioVersion = 17.5.002.0
MinimumVisualStudioVersion = 10.0.40219.1
Project("{2150E333-8FDC-42A3-9474-1A3956D46DE8}") = "csharp-prep", "csharp-prep", "{7D599D4A-5BC1-4521-A84B-9BDF5D616E99}"
EndProject
Project("{9A19103F-16F7-4668-BE54-9A1E7A4F7556}") = "Prep1", "csharp-prep\Prep1\Prep1.csproj", "{00CB5BEF-4B5E-46E9-BC92-0D159066985C}"
EndProject
Project("{9A19103F-16F7-4668-BE54-9A1E7A4F7556}") = "Prep2", "csharp-prep\Prep2\Prep2.csproj", "{01874971-8BB5-4EEE-B200-10985C021222}"
EndProject
Project("{9A19103F-16F7-4668-BE54-9A1E7A4F7556}") = "Prep3", "csharp-prep\Prep3\Prep3.csproj", "{525B91A3-698D-4C65-943F-AE21249C9091}"
EndProject
Project("{9A19103F-16F7-4668-BE54-9A1E7A4F7556}") = "Prep4", "csharp-prep\Prep4\Prep4.csproj", "{A8C4611A-2910-4E50-9239-4059B61F307C}"
EndProject
Project("{9A19103F-16F7-4668-BE54-9A1E7A4F7556}") = "Prep5", "csharp-prep\Prep5\Prep5.csproj", "{090AA23E-2364-4AA0-B36A-F18113392847}"
EndProject
Project("{2150E333-8FDC-42A3-9474-1A3956D46DE8}") = "final", "final", "{C6A554BA-DF84-43E4-BE1A-B7F680452D16}"
EndProject
Project("{9A19103F-16F7-4668-BE54-9A1E7A4F7556}") = "FinalProject", "final\FinalProject\FinalProject.csproj", "{6104B689-8839-4C4D-9A7D-C5B75D07EAD2}"
EndProject
Project("{9A19103F-16F7-4668-BE54-9A1E7A4F7556}") = "Foundation1", "final\Foundation1\Foundation1.csproj", "{5BA0F3F2-30B5-4FD2-90AB-E9DD6344048D}"
EndProject
Project("{9A19103F-16F7-4668-BE54-9A1E7A4F7556}") = "Foundation2", "final\Foundation2\Foundation2.csproj", "{0773114B-D1D1-470E-BDC6-444B2F82B93F}"
EndProject
Project("{9A19103F-16F7-4668-BE54-9A1E7A4F7556}") = "Foundation3", "final\Foundation3\Foundation3.csproj", "{AA7F66F8-7E58-4AB3-B6C5-2A33E1974E9F}"
EndProject
Project("{9A19103F-16F7-4668-BE54-9A1E7A4F7556}") = "Foundation4", "final\Foundation4\Foundation4.csproj", "{87A742EC-FB94-4B1E-B12A-8F2F9EE2DA8A}"
EndProject
Project("{2150E333-8FDC-42A3-9474-1A3956D46DE8}") = "prepare", "prepare", "{31DA24B5-78F4-40E8-9B38-64EAAD15A045}"
EndProject
Project("{9A19103F-16F7-4668-BE54-9A1E7A4F7556}") = "Learning02", "prepare\Learning02\Learning02.csproj", "{29A6C2E9-F380-4912-A88D-FAA5982C5547}"
EndProject
Project("{9A19103F-16F7-4668-BE54-9A1E7A4F7556}") = "Learning03", "prepare\Learning03\Learning03.csproj", "{1E341476-528B-42DD-8F65-DE8CECDFF367}"
EndProject
Project("{9A19103F-16F7-4668-BE54-9A1E7A4F7556}") = "Learning04", "prepare\Learning04\Learning04.csproj", "{BC923780-BF5C-49A8-AE14-43E3624BAEE1}"
EndProject
Project("{9A19103F-16F7-4668-BE54-9A1E7A4F7556}") = "Learning05", "prepare\Learning05\Learning05.csproj", "{37F0A2F8-D874-4694-A000-0842FA3A60B5}"
EndProject
Project("{2150E333-8FDC-42A3-9474-1A3956D46DE8}") = "prove", "prove", "{78B25519-5C95-4581-857A-D6C16D10F497}"
EndProject
Project("{9A19103F-16F7-4668-BE54-9A1E7A4F7556}") = "Develop02", "prove\Develop02\Develop02.csproj", "{655650C4-41ED-4074-8818-BD131301E620}"
EndProject
Project("{9A19103F-16F7-4668-BE54-9A1E7A4F7556}") = "Develop03", "prove\Develop03\Develop03.csproj", "{FC5B9707-6F90-431C-AC97-5543F10E6681}"
EndProject
Project("{9A19103F-16F7-4668-BE54-9A1E7A4F7556}") = "Develop04", "prove\Develop04\Develop04.csproj", "{510984A8-A2FB-4590-B9DD-B9E243B9BA83}"
EndProject
Project("{9A19103F-16F7-4668-BE54-9A1E7A4F7556}") = "Develop05", "prove\Develop05\Develop05.csproj", "{61134091-C674-47E7-84D5-66C3D5D9F98C}"
EndProject
Project("{2150E333-8FDC-42A3-9474-1A3956D46DE8}") = "sandbox", "sandbox", "{7CA62247-1BA1-42ED-B88B-5DB3808E1147}"
EndProject
Project("{9A19103F-16F7-4668-BE54-9A1E7A4F7556}") = "Sandbox", "sandbox\Sandbox\Sandbox.csproj", "{3CE7D768-E7D2-4BEC-A7C5-891E3B19C42A}"
EndProject
Global
	GlobalSection(SolutionConfigurationPlatforms) = preSolution
		Debug|Any CPU = Debug|Any CPU
		Release|Any CPU = Release|Any CPU
	EndGlobalSection
	GlobalSection(ProjectConfigurationPlatforms) = postSolution
		{00CB5BEF-4B5E-46E9-BC92-0D159066985C}.Debug|Any CPU.ActiveCfg = Debug|Any CPU
		{00CB5BEF-4B5E-46E9-BC92-0D159066985C}.Debug|Any CPU.Build.0 = Debug|Any CPU
		{00CB5BEF-4B5E-46E9-BC92-0D159066985C}.Release|Any CPU.ActiveCfg = Release|Any CPU
		{00CB5BEF-4B5E-46E9-BC92-0D159066985C}.Release|Any CPU.Build.0 = Release|Any CPU
		{01874971-8BB5-4EEE-B200-10985C021222}.Debug|Any CPU.ActiveCfg = Debug|Any CPU
		{01874971-8BB5-4EEE-B200-10985C021222}.Debug|Any CPU.Build.0 = Debug|Any CPU
		{01874971-8BB5-4EEE-B200-10985C021222}.Release|Any CPU.ActiveCfg = Release|Any CPU
		{01874971-8BB5-4EEE-B200-10985C021222}.Release|Any CPU.Build.0 = Release|Any CPU
		{525B91A3-698D-4C65-943F-AE21249C9091}.Debug|Any CPU.ActiveCfg = Debug|Any CPU
		{525B91A3-698D-4C65-943F-AE21249C9091}.Debug|Any CPU.Build.0 = Debug|Any CPU
		{525B91A3-698D-4C65-943F-AE21249C9091}.Release|Any CPU.ActiveCfg = Release|Any CPU
		{525B91A3-698D-4C65-943F-AE21249C9091}.Release|Any CPU.Build.0 = Release|Any CPU
		{A8C4611A-2910-4E50-9239-4059B61F307C}.Debug|Any CPU.ActiveCfg = Debug|Any CPU
		{A8C4611A-2910-4E50-9239-4059B61F307C}.Debug|Any CPU.Build.0 = Debug|Any CPU
		{A8C4611A-2910-4E50-9239-4059B61F307C}.Release|Any CPU.ActiveCfg = Release|Any CPU
		{A8C4611A-2910-4E50-9239-4059B61F307C}.Release|Any CPU.Build.0 = Release|Any CPU
		{090AA23E-2364-4AA0-B36A-F18113392847}.Debug|Any CPU.ActiveCfg = Debug|Any CPU
		{090AA23E-2364-4AA0-B36A-F18113392847}.Debug|Any CPU.Build.0 = Debug|Any CPU
		{090AA23E-2364-4AA0-B36A-F18113392847}.Release|Any CPU.ActiveCfg = Release|Any CPU
		{090AA23E-2364-4AA0-B36A-F18113392847}.Release|Any CPU.Build.0 = Release|Any CPU
		{6104B689-8839-4C4D-9A7D-C5B75D07EAD2}.Debug|Any CPU.ActiveCfg = Debug|Any CPU
		{6104B689-8839-4C4D-9A7D-C5B75D07EAD2}.Debug|Any CPU.Build.0 = Debug|Any CPU
		{6104B689-8839-4C4D-9A7D-C5B75D07EAD2}.Release|Any CPU.ActiveCfg = Release|Any CPU
		{6104B689-8839-4C4D-9A7D-C5B75D07EAD2}.Release|Any CPU.Build.0 = Release|Any CPU
		{5BA0F3F2-30B5-4FD2-90AB-E9DD6344048D}.Debug|Any CPU.ActiveCfg = Debug|Any CPU
		{5BA0F3F2-30B5-4FD2-90AB-E9DD6344048D}.Debug|Any CPU.Build.0 = Debug|Any CPU
		{5BA0F3F2-30B5-4FD2-90AB-E9DD6344048D}.Release|Any CPU.ActiveCfg = Release|Any CPU
		{5BA0F3F2-30B5-4FD2-90AB-E9DD6344048D}.Release|Any CPU.Build.0 = Release|Any CPU
		{0773114B-D1D1-470E-BDC6-444B2F82B93F}.Debug|Any CPU.ActiveCfg = Debug|Any CPU
		{0773114B-D1D1-470E-BDC6-444B2F82B93F}.Debug|Any CPU.Build.0 = Debug|Any CPU
		{0773114B-D1D1-470E-BDC6-444B2F82B93F}.Release|Any CPU.ActiveCfg = Release|Any CPU
		{0773114B-D1D1-470E-BDC6-444B2F82B93F}.Release|Any CPU.Build.0 = Release|Any CPU
		{AA7F66F8-7E58-4AB3-B6C5-2A33E1974E9F}.Debug|Any CPU.ActiveCfg = Debug|Any CPU
		{AA7F66F8-7E58-4AB3-B6C5-2A33E1974E9F}.Debug|Any CPU.Build.0 = Debug|Any CPU
		{AA7F66F8-7E58-4AB3-B6C5-2A33E1974E9F}.Release|Any CPU.ActiveCfg = Release|Any CPU
		{AA7F66F8-7E58-4AB3-B6C5-2A33E1974E9F}.Release|Any CPU.Build.0 = Release|Any CPU
		{87A742EC-FB94-4B1E-B12A-8F2F9EE2DA8A}.Debug|Any CPU.ActiveCfg = Debug|Any CPU
		{87A742EC-FB94-4B1E-B12A-8F2F9EE2DA8A}.Debug|Any CPU.Build.0 = Debug|Any CPU
		{87A742EC-FB94-4B1E-B12A-8F2F9EE2DA8A}.Release|Any CPU.ActiveCfg = Release|Any CPU
		{87A742EC-FB94-4B1E-B12A-8F2F9EE2DA8A}.Release|Any CPU.Build.0 = Release|Any CPU
		{29A6C2E9-F380-4912-A88D-FAA5982C5547}.Debug|Any CPU.ActiveCfg = Debug|Any CPU
		{29A6C2E9-F380-4912-A88D-FAA5982C5547}.Debug|Any CPU.Build.0 = Debug|Any CPU
		{29A6C2E9-F380-4912-A88D-FAA5982C5547}.Release|Any CPU.ActiveCfg = Release|Any CPU
		{29A6C2E9-F380-4912-A88D-FAA5982C5547}.Release|Any CPU.Build.0 = Release|Any CPU
		{1E341476-528B-42DD-8F65-DE8CECDFF367}.Debug|Any CPU.ActiveCfg = Debug|Any CPU
		{1E341476-528B-42DD-8F65-DE8CECDFF367}.Debug|Any CPU.Build.0 = Debug|Any CPU
		{1E341476-528B-42DD-8F65-DE8CECDFF367}.Release|Any CPU.ActiveCfg = Release|Any CPU
		{1E341476-528B-42DD-8F65-DE8CECDFF367}.Release|Any CPU.Build.0 = Release|Any CPU
		{BC923780-BF5C-49A8-AE14-43E3624BAEE1}.Debug|Any CPU.ActiveCfg = Debug|Any CPU
		{BC923780-BF5C-49A8-AE14-43E3624BAEE1}.Debug|Any CPU.Build.0 = Debug|Any CPU
		{BC923780-BF5C-49A8-AE14-43E3624BAEE1}.Release|Any CPU.ActiveCfg = Release|Any CPU
		{BC923780-BF5C-49A8-AE14-43E3624BAEE1}.Release|Any CPU.Build.0 = Release|Any CPU
		{37F0A2F8-D874-4694-A000-0842FA3A60B5}.Debug|Any CPU.ActiveCfg = Debug|Any CPU
		{37F0A2F8-D874-4694-A000-0842FA3A60B5}.Debug|Any CPU.Build.0 = Debug|Any CPU
		{37F0A2F8-D874-4694-A000-0842FA3A60B5}.Release|Any CPU.ActiveCfg = Release|Any CPU
		{37F0A2F8-D874-4694-A000-0842FA3A60B5}.Release|Any CPU.Build.0 = Release|Any CPU
		{655650C4-41ED-4074-8818-BD131301E620}.Debug|Any CPU.ActiveCfg = Debug|Any CPU
		{655650C4-41ED-4074-8818-BD131301E620}.Debug|Any CPU.Build.0 = Debug|Any CPU
		{655650C4-41ED-4074-8818-BD131301E620}.Release|Any CPU.ActiveCfg = Release|Any CPU
		{655650C4-41ED-4074-8818-BD131301E620}.Release|Any CPU.Build.0 = Release|Any CPU
		{FC5B9707-6F90-431C-AC97-5543F10E6681}.Debug|Any CPU.ActiveCfg = Debug|Any CPU
		{FC5B9707-6F90-431C-AC97-5543F10E6681}.Debug|Any CPU.Build.0 = Debug|Any CPU
		{FC5B9707-6F90-431C-AC97-5543F10E6681}.Release|Any CPU.ActiveCfg = Release|Any CPU
		{FC5B9707-6F90-431C-AC97-5543F10E6681}.Release|Any CPU.Build.0 = Release|Any CPU
		{510984A8-A2FB-4590-B9DD-B9E243B9BA83}.Debug|Any CPU.ActiveCfg = Debug|Any CPU
		{510984A8-A2FB-4590-B9DD-B9E243B9BA83}.Debug|Any CPU.Build.0 = Debug|Any CPU
		{510984A8-A2FB-4590-B9DD-B9E243B9BA83}.Release|Any CPU.ActiveCfg = Release|Any CPU
		{510984A8-A2FB-4590-B9DD-B9E243B9BA83}.Release|Any CPU.Build.0 = Release|Any CPU
		{61134091-C674-47E7-84D5-66C3D5D9F98C}.Debug|Any CPU.ActiveCfg = Debug|Any CPU
		{61134091-C674-47E7-84D5-66C3D5D9F98C}.Debug|Any CPU.Build.0 = Debug|Any CPU
		{61134091-C674-47E7-84D5-66C3D5D9F98C}.Release|Any CPU.ActiveCfg = Release|Any CPU
		{61134091-C674-47E7-84D5-66C3D5D9F98C}.Release|Any CPU.Build.0 = Release|Any CPU
		{3CE7D768-E7D2-4BEC-A7C5-891E3B19C42A}.Debug|Any CPU.ActiveCfg = Debug|Any CPU
		{3CE7D768-E7D2-4BEC-A7C5-891E3B19C42A}.Debug|Any CPU.Build.0 = Debug|Any CPU
		{3CE7D768-E7D2-4BEC-A7C5-891E3B19C42A}.Release|Any CPU.ActiveCfg = Release|Any CPU
		{3CE7D768-E7D2-4BEC-A7C5-891E3B19C42A}.Release|Any CPU.Build.0 = Release|Any CPU
	EndGlobalSection
	GlobalSection(SolutionProperties) = preSolution
		HideSolutionNode = FALSE
	EndGlobalSection
	GlobalSection(NestedProjects) = preSolution
		{00CB5BEF-4B5E-46E9-BC92-0D159066985C} = {7D599D4A-5BC1-4521-A84B-9BDF5D616E99}
		{01874971-8BB5-4EEE-B200-10985C021222} = {7D599D4A-5BC1-4521-A84B-9BDF5D616E99}
		{525B91A3-698D-4C65-943F-AE21249C9091} = {7D599D4A-5BC1-4521-A84B-9BDF5D616E99}
		{A8C4611A-2910-4E50-9239-4059B61F307C} = {7D599D4A-5BC1-4521-A84B-9BDF5D616E99}
		{090AA23E-2364-4AA0-B36A-F18113392847} = {7D599D4A-5BC1-4521-A84B-9BDF5D616E99}
		{6104B689-8839-4C4D-9A7D-C5B75D07EAD2} = {C6A554BA-DF84-43E4-BE1A-B7F680452D16}
		{5BA0F3F2-30B5-4FD2-90AB-E9DD6344048D} = {C6A554BA-DF84-43E4-BE1A-B7F680452D16}
		{0773114B-D1D1-470E-BDC6-444B2F82B93F} = {C6A554BA-DF84-43E4-BE1A-B7F680452D16}
		{AA7F66F8-7E58-4AB3-B6C5-2A33E1974E9F} = {C6A554BA-DF84-43E4-BE1A-B7F680452D16}
		{87A742EC-FB94-4B1E-B12A-8F2F9EE2DA8A} = {C6A554BA-DF84-43E4-BE1A-B7F680452D16}
		{29A6C2E9-F380-4912-A88D-FAA5982C5547} = {31DA24B5-78F4-40E8-9B38-64EAAD15A045}
		{1E341476-528B-42DD-8F65-DE8CECDFF367} = {31DA24B5-78F4-40E8-9B38-64EAAD15A045}
		{BC923780-BF5C-49A8-AE14-43E3624BAEE1} = {31DA24B5-78F4-40E8-9B38-64EAAD15A045}
		{37F0A2F8-D874-4694-A000-0842FA3A60B5} = {31DA24B5-78F4-40E8-9B38-64EAAD15A045}
		{655650C4-41ED-4074-8818-BD131301E620} = {78B25519-5C95-4581-857A-D6C16D10F497}
		{FC5B9707-6F90-431C-AC97-5543F10E6681} = {78B25519-5C95-4581-857A-D6C16D10F497}
		{510984A8-A2FB-4590-B9DD-B9E243B9BA83} = {78B25519-5C95-4581-857A-D6C16D10F497}
		{61134091-C674-47E7-84D5-66C3D5D9F98C} = {78B25519-5C95-4581-857A-D6C16D10F497}
		{3CE7D768-E7D2-4BEC-A7C5-891E3B19C42A} = {7CA62247-1BA1-42ED-B88B-5DB3808E1147}
	EndGlobalSection
	GlobalSection(ExtensibilityGlobals) = postSolution
		SolutionGuid = {4EB28D0C-DA03-41DD-B2D1-F0CE2B644FC9}
	EndGlobalSection
EndGlobal
